
Microsoft Visual Studio Solution File, Format Version 11.00
# Visual Studio 2010
Project("{FAE04EC0-301F-11D3-BF4B-00C04F79EFBC}") = "Dev.A4.Web", "Dev.A4.Web\Dev.A4.Web.csproj", "{BDAD0EDF-2D0A-4378-89B3-0A367E635786}"
EndProject
Project("{FAE04EC0-301F-11D3-BF4B-00C04F79EFBC}") = "Dev.A4", "..\Dev.A4\Dev.A4\Dev.A4.csproj", "{0B11838F-6C22-4B36-A841-865BAB3849AE}"
EndProject
Global
	GlobalSection(SolutionConfigurationPlatforms) = preSolution
		Debug|Any CPU = Debug|Any CPU
		Release|Any CPU = Release|Any CPU
	EndGlobalSection
	GlobalSection(ProjectConfigurationPlatforms) = postSolution
		{BDAD0EDF-2D0A-4378-89B3-0A367E635786}.Debug|Any CPU.ActiveCfg = Debug|Any CPU
		{BDAD0EDF-2D0A-4378-89B3-0A367E635786}.Debug|Any CPU.Build.0 = Debug|Any CPU
		{BDAD0EDF-2D0A-4378-89B3-0A367E635786}.Release|Any CPU.ActiveCfg = Release|Any CPU
		{BDAD0EDF-2D0A-4378-89B3-0A367E635786}.Release|Any CPU.Build.0 = Release|Any CPU
		{0B11838F-6C22-4B36-A841-865BAB3849AE}.Debug|Any CPU.ActiveCfg = Debug|Any CPU
		{0B11838F-6C22-4B36-A841-865BAB3849AE}.Debug|Any CPU.Build.0 = Debug|Any CPU
		{0B11838F-6C22-4B36-A841-865BAB3849AE}.Release|Any CPU.ActiveCfg = Release|Any CPU
		{0B11838F-6C22-4B36-A841-865BAB3849AE}.Release|Any CPU.Build.0 = Release|Any CPU
	EndGlobalSection
	GlobalSection(SolutionProperties) = preSolution
		HideSolutionNode = FALSE
	EndGlobalSection
EndGlobal
